
Microsoft Visual Studio Solution File, Format Version 12.00
# Visual Studio Version 16
VisualStudioVersion = 16.0.29920.165
MinimumVisualStudioVersion = 10.0.40219.1
Project("{9A19103F-16F7-4668-BE54-9A1E7A4F7556}") = "MiniMessenger", "MiniMessenger\MiniMessenger.csproj", "{D799F0A2-052D-48C3-BC44-D51E54274D77}"
EndProject
Project("{FAE04EC0-301F-11D3-BF4B-00C04F79EFBC}") = "MiniMessenger.Test", "MiniMessenger.Test\MiniMessenger.Test.csproj", "{C22A3940-3B9C-4179-8436-56D2DC08CA6E}"
EndProject
Global
	GlobalSection(SolutionConfigurationPlatforms) = preSolution
		Debug|Any CPU = Debug|Any CPU
		Release|Any CPU = Release|Any CPU
	EndGlobalSection
	GlobalSection(ProjectConfigurationPlatforms) = postSolution
		{D799F0A2-052D-48C3-BC44-D51E54274D77}.Debug|Any CPU.ActiveCfg = Debug|Any CPU
		{D799F0A2-052D-48C3-BC44-D51E54274D77}.Debug|Any CPU.Build.0 = Debug|Any CPU
		{D799F0A2-052D-48C3-BC44-D51E54274D77}.Release|Any CPU.ActiveCfg = Release|Any CPU
		{D799F0A2-052D-48C3-BC44-D51E54274D77}.Release|Any CPU.Build.0 = Release|Any CPU
		{C22A3940-3B9C-4179-8436-56D2DC08CA6E}.Debug|Any CPU.ActiveCfg = Debug|Any CPU
		{C22A3940-3B9C-4179-8436-56D2DC08CA6E}.Debug|Any CPU.Build.0 = Debug|Any CPU
		{C22A3940-3B9C-4179-8436-56D2DC08CA6E}.Release|Any CPU.ActiveCfg = Release|Any CPU
		{C22A3940-3B9C-4179-8436-56D2DC08CA6E}.Release|Any CPU.Build.0 = Release|Any CPU
	EndGlobalSection
	GlobalSection(SolutionProperties) = preSolution
		HideSolutionNode = FALSE
	EndGlobalSection
	GlobalSection(ExtensibilityGlobals) = postSolution
		SolutionGuid = {7CCBEB62-54A5-4B73-ABF8-1B4071AB2B2D}
	EndGlobalSection
EndGlobal
